{
  "name": "missing",
  "lockfileVersion": 1,
  "dependencies": {
    "importantdep": {
      "version": "1.0.0"
    },
    "@namespaced/criticaldep": {
      "version": "2.0.1"
    },
    "tildep": {
      "version": "3.0.1"
    },
    "x-dep": {
      "version": "4.5.1"
    },
    "prerelease-dep": {
      "version": "5.0.0-RC.2"
    },
    "tagged-dep": {
      "version": "1.2.3"
    },
    "tgz": {
      "version": "https://someurl.com/release.tgz"
    },
    "git": {
      "version": "git+https://someurl.com/repo.git#a1sha2goes3here"
    }
  }
}
